// !$*UTF8*$!
{
	archiveVersion = 1;
	classes = {
	};
	objectVersion = 55;
	objects = {

/* Begin PBXBuildFile section */
		184370682769B715005E18E1 /* ItemList+CoreDataClass.swift in Sources */ = {isa = PBXBuildFile; fileRef = 184370662769B715005E18E1 /* ItemList+CoreDataClass.swift */; };
		184370692769B715005E18E1 /* ItemList+CoreDataProperties.swift in Sources */ = {isa = PBXBuildFile; fileRef = 184370672769B715005E18E1 /* ItemList+CoreDataProperties.swift */; };
		188AD45D2767C0940019745A /* AppDelegate.swift in Sources */ = {isa = PBXBuildFile; fileRef = 188AD45C2767C0940019745A /* AppDelegate.swift */; };
		188AD45F2767C0940019745A /* SceneDelegate.swift in Sources */ = {isa = PBXBuildFile; fileRef = 188AD45E2767C0940019745A /* SceneDelegate.swift */; };
		188AD4612767C0940019745A /* ViewController.swift in Sources */ = {isa = PBXBuildFile; fileRef = 188AD4602767C0940019745A /* ViewController.swift */; };
		188AD4642767C0940019745A /* Main.storyboard in Resources */ = {isa = PBXBuildFile; fileRef = 188AD4622767C0940019745A /* Main.storyboard */; };
		188AD4672767C0940019745A /* ToDoList.xcdatamodeld in Sources */ = {isa = PBXBuildFile; fileRef = 188AD4652767C0940019745A /* ToDoList.xcdatamodeld */; };
		188AD4692767C0970019745A /* Assets.xcassets in Resources */ = {isa = PBXBuildFile; fileRef = 188AD4682767C0970019745A /* Assets.xcassets */; };
		188AD46C2767C0970019745A /* LaunchScreen.storyboard in Resources */ = {isa = PBXBuildFile; fileRef = 188AD46A2767C0970019745A /* LaunchScreen.storyboard */; };
		188AD4772767C0980019745A /* ToDoListTests.swift in Sources */ = {isa = PBXBuildFile; fileRef = 188AD4762767C0980019745A /* ToDoListTests.swift */; };
		188AD4812767C0980019745A /* ToDoListUITests.swift in Sources */ = {isa = PBXBuildFile; fileRef = 188AD4802767C0980019745A /* ToDoListUITests.swift */; };
		188AD4832767C0980019745A /* ToDoListUITestsLaunchTests.swift in Sources */ = {isa = PBXBuildFile; fileRef = 188AD4822767C0980019745A /* ToDoListUITestsLaunchTests.swift */; };
		188AD4902767C5E10019745A /* TableViewCell.swift in Sources */ = {isa = PBXBuildFile; fileRef = 188AD48F2767C5E10019745A /* TableViewCell.swift */; };
		188AD4962767C6B70019745A /* DatabaseManager.swift in Sources */ = {isa = PBXBuildFile; fileRef = 188AD4952767C6B70019745A /* DatabaseManager.swift */; };
/* End PBXBuildFile section */

/* Begin PBXContainerItemProxy section */
		188AD4732767C0980019745A /* PBXContainerItemProxy */ = {
			isa = PBXContainerItemProxy;
			containerPortal = 188AD4512767C0940019745A /* Project object */;
			proxyType = 1;
			remoteGlobalIDString = 188AD4582767C0940019745A;
			remoteInfo = ToDoList;
		};
		188AD47D2767C0980019745A /* PBXContainerItemProxy */ = {
			isa = PBXContainerItemProxy;
			containerPortal = 188AD4512767C0940019745A /* Project object */;
			proxyType = 1;
			remoteGlobalIDString = 188AD4582767C0940019745A;
			remoteInfo = ToDoList;
		};
/* End PBXContainerItemProxy section */

/* Begin PBXFileReference section */
		184370662769B715005E18E1 /* ItemList+CoreDataClass.swift */ = {isa = PBXFileReference; lastKnownFileType = sourcecode.swift; path = "ItemList+CoreDataClass.swift"; sourceTree = "<group>"; };
		184370672769B715005E18E1 /* ItemList+CoreDataProperties.swift */ = {isa = PBXFileReference; lastKnownFileType = sourcecode.swift; path = "ItemList+CoreDataProperties.swift"; sourceTree = "<group>"; };
		188AD4592767C0940019745A /* ToDoList.app */ = {isa = PBXFileReference; explicitFileType = wrapper.application; includeInIndex = 0; path = ToDoList.app; sourceTree = BUILT_PRODUCTS_DIR; };
		188AD45C2767C0940019745A /* AppDelegate.swift */ = {isa = PBXFileReference; lastKnownFileType = sourcecode.swift; path = AppDelegate.swift; sourceTree = "<group>"; };
		188AD45E2767C0940019745A /* SceneDelegate.swift */ = {isa = PBXFileReference; lastKnownFileType = sourcecode.swift; path = SceneDelegate.swift; sourceTree = "<group>"; };
		188AD4602767C0940019745A /* ViewController.swift */ = {isa = PBXFileReference; lastKnownFileType = sourcecode.swift; path = ViewController.swift; sourceTree = "<group>"; };
		188AD4632767C0940019745A /* Base */ = {isa = PBXFileReference; lastKnownFileType = file.storyboard; name = Base; path = Base.lproj/Main.storyboard; sourceTree = "<group>"; };
		188AD4662767C0940019745A /* ToDoList.xcdatamodel */ = {isa = PBXFileReference; lastKnownFileType = wrapper.xcdatamodel; path = ToDoList.xcdatamodel; sourceTree = "<group>"; };
		188AD4682767C0970019745A /* Assets.xcassets */ = {isa = PBXFileReference; lastKnownFileType = folder.assetcatalog; path = Assets.xcassets; sourceTree = "<group>"; };
		188AD46B2767C0970019745A /* Base */ = {isa = PBXFileReference; lastKnownFileType = file.storyboard; name = Base; path = Base.lproj/LaunchScreen.storyboard; sourceTree = "<group>"; };
		188AD46D2767C0970019745A /* Info.plist */ = {isa = PBXFileReference; lastKnownFileType = text.plist.xml; path = Info.plist; sourceTree = "<group>"; };
		188AD4722767C0980019745A /* ToDoListTests.xctest */ = {isa = PBXFileReference; explicitFileType = wrapper.cfbundle; includeInIndex = 0; path = ToDoListTests.xctest; sourceTree = BUILT_PRODUCTS_DIR; };
		188AD4762767C0980019745A /* ToDoListTests.swift */ = {isa = PBXFileReference; lastKnownFileType = sourcecode.swift; path = ToDoListTests.swift; sourceTree = "<group>"; };
		188AD47C2767C0980019745A /* ToDoListUITests.xctest */ = {isa = PBXFileReference; explicitFileType = wrapper.cfbundle; includeInIndex = 0; path = ToDoListUITests.xctest; sourceTree = BUILT_PRODUCTS_DIR; };
		188AD4802767C0980019745A /* ToDoListUITests.swift */ = {isa = PBXFileReference; lastKnownFileType = sourcecode.swift; path = ToDoListUITests.swift; sourceTree = "<group>"; };
		188AD4822767C0980019745A /* ToDoListUITestsLaunchTests.swift */ = {isa = PBXFileReference; lastKnownFileType = sourcecode.swift; path = ToDoListUITestsLaunchTests.swift; sourceTree = "<group>"; };
		188AD48F2767C5E10019745A /* TableViewCell.swift */ = {isa = PBXFileReference; lastKnownFileType = sourcecode.swift; path = TableViewCell.swift; sourceTree = "<group>"; };
		188AD4952767C6B70019745A /* DatabaseManager.swift */ = {isa = PBXFileReference; lastKnownFileType = sourcecode.swift; path = DatabaseManager.swift; sourceTree = "<group>"; };
/* End PBXFileReference section */

/* Begin PBXFrameworksBuildPhase section */
		188AD4562767C0940019745A /* Frameworks */ = {
			isa = PBXFrameworksBuildPhase;
			buildActionMask = 2147483647;
			files = (
			);
			runOnlyForDeploymentPostprocessing = 0;
		};
		188AD46F2767C0980019745A /* Frameworks */ = {
			isa = PBXFrameworksBuildPhase;
			buildActionMask = 2147483647;
			files = (
			);
			runOnlyForDeploymentPostprocessing = 0;
		};
		188AD4792767C0980019745A /* Frameworks */ = {
			isa = PBXFrameworksBuildPhase;
			buildActionMask = 2147483647;
			files = (
			);
			runOnlyForDeploymentPostprocessing = 0;
		};
/* End PBXFrameworksBuildPhase section */

/* Begin PBXGroup section */
		188AD4502767C0940019745A = {
			isa = PBXGroup;
			children = (
				188AD45B2767C0940019745A /* ToDoList */,
				188AD4752767C0980019745A /* ToDoListTests */,
				188AD47F2767C0980019745A /* ToDoListUITests */,
				188AD45A2767C0940019745A /* Products */,
			);
			sourceTree = "<group>";
		};
		188AD45A2767C0940019745A /* Products */ = {
			isa = PBXGroup;
			children = (
				188AD4592767C0940019745A /* ToDoList.app */,
				188AD4722767C0980019745A /* ToDoListTests.xctest */,
				188AD47C2767C0980019745A /* ToDoListUITests.xctest */,
			);
			name = Products;
			sourceTree = "<group>";
		};
		188AD45B2767C0940019745A /* ToDoList */ = {
			isa = PBXGroup;
			children = (
				184370662769B715005E18E1 /* ItemList+CoreDataClass.swift */,
				184370672769B715005E18E1 /* ItemList+CoreDataProperties.swift */,
				188AD45C2767C0940019745A /* AppDelegate.swift */,
				188AD45E2767C0940019745A /* SceneDelegate.swift */,
				188AD4602767C0940019745A /* ViewController.swift */,
				188AD4622767C0940019745A /* Main.storyboard */,
				188AD4682767C0970019745A /* Assets.xcassets */,
				188AD46A2767C0970019745A /* LaunchScreen.storyboard */,
				188AD46D2767C0970019745A /* Info.plist */,
				188AD4652767C0940019745A /* ToDoList.xcdatamodeld */,
				188AD48F2767C5E10019745A /* TableViewCell.swift */,
				188AD4952767C6B70019745A /* DatabaseManager.swift */,
			);
			path = ToDoList;
			sourceTree = "<group>";
		};
		188AD4752767C0980019745A /* ToDoListTests */ = {
			isa = PBXGroup;
			children = (
				188AD4762767C0980019745A /* ToDoListTests.swift */,
			);
			path = ToDoListTests;
			sourceTree = "<group>";
		};
		188AD47F2767C0980019745A /* ToDoListUITests */ = {
			isa = PBXGroup;
			children = (
				188AD4802767C0980019745A /* ToDoListUITests.swift */,
				188AD4822767C0980019745A /* ToDoListUITestsLaunchTests.swift */,
			);
			path = ToDoListUITests;
			sourceTree = "<group>";
		};
/* End PBXGroup section */

/* Begin PBXNativeTarget section */
		188AD4582767C0940019745A /* ToDoList */ = {
			isa = PBXNativeTarget;
			buildConfigurationList = 188AD4862767C0980019745A /* Build configuration list for PBXNativeTarget "ToDoList" */;
			buildPhases = (
				188AD4552767C0940019745A /* Sources */,
				188AD4562767C0940019745A /* Frameworks */,
				188AD4572767C0940019745A /* Resources */,
			);
			buildRules = (
			);
			dependencies = (
			);
			name = ToDoList;
			productName = ToDoList;
			productReference = 188AD4592767C0940019745A /* ToDoList.app */;
			productType = "com.apple.product-type.application";
		};
		188AD4712767C0980019745A /* ToDoListTests */ = {
			isa = PBXNativeTarget;
			buildConfigurationList = 188AD4892767C0980019745A /* Build configuration list for PBXNativeTarget "ToDoListTests" */;
			buildPhases = (
				188AD46E2767C0980019745A /* Sources */,
				188AD46F2767C0980019745A /* Frameworks */,
				188AD4702767C0980019745A /* Resources */,
			);
			buildRules = (
			);
			dependencies = (
				188AD4742767C0980019745A /* PBXTargetDependency */,
			);
			name = ToDoListTests;
			productName = ToDoListTests;
			productReference = 188AD4722767C0980019745A /* ToDoListTests.xctest */;
			productType = "com.apple.product-type.bundle.unit-test";
		};
		188AD47B2767C0980019745A /* ToDoListUITests */ = {
			isa = PBXNativeTarget;
			buildConfigurationList = 188AD48C2767C0980019745A /* Build configuration list for PBXNativeTarget "ToDoListUITests" */;
			buildPhases = (
				188AD4782767C0980019745A /* Sources */,
				188AD4792767C0980019745A /* Frameworks */,
				188AD47A2767C0980019745A /* Resources */,
			);
			buildRules = (
			);
			dependencies = (
				188AD47E2767C0980019745A /* PBXTargetDependency */,
			);
			name = ToDoListUITests;
			productName = ToDoListUITests;
			productReference = 188AD47C2767C0980019745A /* ToDoListUITests.xctest */;
			productType = "com.apple.product-type.bundle.ui-testing";
		};
/* End PBXNativeTarget section */

/* Begin PBXProject section */
		188AD4512767C0940019745A /* Project object */ = {
			isa = PBXProject;
			attributes = {
				BuildIndependentTargetsInParallel = 1;
				LastSwiftUpdateCheck = 1310;
				LastUpgradeCheck = 1310;
				TargetAttributes = {
					188AD4582767C0940019745A = {
						CreatedOnToolsVersion = 13.1;
					};
					188AD4712767C0980019745A = {
						CreatedOnToolsVersion = 13.1;
						TestTargetID = 188AD4582767C0940019745A;
					};
					188AD47B2767C0980019745A = {
						CreatedOnToolsVersion = 13.1;
						TestTargetID = 188AD4582767C0940019745A;
					};
				};
			};
			buildConfigurationList = 188AD4542767C0940019745A /* Build configuration list for PBXProject "ToDoList" */;
			compatibilityVersion = "Xcode 13.0";
			developmentRegion = en;
			hasScannedForEncodings = 0;
			knownRegions = (
				en,
				Base,
			);
			mainGroup = 188AD4502767C0940019745A;
			productRefGroup = 188AD45A2767C0940019745A /* Products */;
			projectDirPath = "";
			projectRoot = "";
			targets = (
				188AD4582767C0940019745A /* ToDoList */,
				188AD4712767C0980019745A /* ToDoListTests */,
				188AD47B2767C0980019745A /* ToDoListUITests */,
			);
		};
/* End PBXProject section */

/* Begin PBXResourcesBuildPhase section */
		188AD4572767C0940019745A /* Resources */ = {
			isa = PBXResourcesBuildPhase;
			buildActionMask = 2147483647;
			files = (
				188AD46C2767C0970019745A /* LaunchScreen.storyboard in Resources */,
				188AD4692767C0970019745A /* Assets.xcassets in Resources */,
				188AD4642767C0940019745A /* Main.storyboard in Resources */,
			);
			runOnlyForDeploymentPostprocessing = 0;
		};
		188AD4702767C0980019745A /* Resources */ = {
			isa = PBXResourcesBuildPhase;
			buildActionMask = 2147483647;
			files = (
			);
			runOnlyForDeploymentPostprocessing = 0;
		};
		188AD47A2767C0980019745A /* Resources */ = {
			isa = PBXResourcesBuildPhase;
			buildActionMask = 2147483647;
			files = (
			);
			runOnlyForDeploymentPostprocessing = 0;
		};
/* End PBXResourcesBuildPhase section */

/* Begin PBXSourcesBuildPhase section */
		188AD4552767C0940019745A /* Sources */ = {
			isa = PBXSourcesBuildPhase;
			buildActionMask = 2147483647;
			files = (
				188AD4962767C6B70019745A /* DatabaseManager.swift in Sources */,
				184370682769B715005E18E1 /* ItemList+CoreDataClass.swift in Sources */,
				188AD4902767C5E10019745A /* TableViewCell.swift in Sources */,
				188AD4612767C0940019745A /* ViewController.swift in Sources */,
				188AD45D2767C0940019745A /* AppDelegate.swift in Sources */,
				188AD45F2767C0940019745A /* SceneDelegate.swift in Sources */,
				184370692769B715005E18E1 /* ItemList+CoreDataProperties.swift in Sources */,
				188AD4672767C0940019745A /* ToDoList.xcdatamodeld in Sources */,
			);
			runOnlyForDeploymentPostprocessing = 0;
		};
		188AD46E2767C0980019745A /* Sources */ = {
			isa = PBXSourcesBuildPhase;
			buildActionMask = 2147483647;
			files = (
				188AD4772767C0980019745A /* ToDoListTests.swift in Sources */,
			);
			runOnlyForDeploymentPostprocessing = 0;
		};
		188AD4782767C0980019745A /* Sources */ = {
			isa = PBXSourcesBuildPhase;
			buildActionMask = 2147483647;
			files = (
				188AD4832767C0980019745A /* ToDoListUITestsLaunchTests.swift in Sources */,
				188AD4812767C0980019745A /* ToDoListUITests.swift in Sources */,
			);
			runOnlyForDeploymentPostprocessing = 0;
		};
/* End PBXSourcesBuildPhase section */

/* Begin PBXTargetDependency section */
		188AD4742767C0980019745A /* PBXTargetDependency */ = {
			isa = PBXTargetDependency;
			target = 188AD4582767C0940019745A /* ToDoList */;
			targetProxy = 188AD4732767C0980019745A /* PBXContainerItemProxy */;
		};
		188AD47E2767C0980019745A /* PBXTargetDependency */ = {
			isa = PBXTargetDependency;
			target = 188AD4582767C0940019745A /* ToDoList */;
			targetProxy = 188AD47D2767C0980019745A /* PBXContainerItemProxy */;
		};
/* End PBXTargetDependency section */

/* Begin PBXVariantGroup section */
		188AD4622767C0940019745A /* Main.storyboard */ = {
			isa = PBXVariantGroup;
			children = (
				188AD4632767C0940019745A /* Base */,
			);
			name = Main.storyboard;
			sourceTree = "<group>";
		};
		188AD46A2767C0970019745A /* LaunchScreen.storyboard */ = {
			isa = PBXVariantGroup;
			children = (
				188AD46B2767C0970019745A /* Base */,
			);
			name = LaunchScreen.storyboard;
			sourceTree = "<group>";
		};
/* End PBXVariantGroup section */

/* Begin XCBuildConfiguration section */
		188AD4842767C0980019745A /* Debug */ = {
			isa = XCBuildConfiguration;
			buildSettings = {
				ALWAYS_SEARCH_USER_PATHS = NO;
				CLANG_ANALYZER_NONNULL = YES;
				CLANG_ANALYZER_NUMBER_OBJECT_CONVERSION = YES_AGGRESSIVE;
				CLANG_CXX_LANGUAGE_STANDARD = "gnu++17";
				CLANG_CXX_LIBRARY = "libc++";
				CLANG_ENABLE_MODULES = YES;
				CLANG_ENABLE_OBJC_ARC = YES;
				CLANG_ENABLE_OBJC_WEAK = YES;
				CLANG_WARN_BLOCK_CAPTURE_AUTORELEASING = YES;
				CLANG_WARN_BOOL_CONVERSION = YES;
				CLANG_WARN_COMMA = YES;
				CLANG_WARN_CONSTANT_CONVERSION = YES;
				CLANG_WARN_DEPRECATED_OBJC_IMPLEMENTATIONS = YES;
				CLANG_WARN_DIRECT_OBJC_ISA_USAGE = YES_ERROR;
				CLANG_WARN_DOCUMENTATION_COMMENTS = YES;
				CLANG_WARN_EMPTY_BODY = YES;
				CLANG_WARN_ENUM_CONVERSION = YES;
				CLANG_WARN_INFINITE_RECURSION = YES;
				CLANG_WARN_INT_CONVERSION = YES;
				CLANG_WARN_NON_LITERAL_NULL_CONVERSION = YES;
				CLANG_WARN_OBJC_IMPLICIT_RETAIN_SELF = YES;
				CLANG_WARN_OBJC_LITERAL_CONVERSION = YES;
				CLANG_WARN_OBJC_ROOT_CLASS = YES_ERROR;
				CLANG_WARN_QUOTED_INCLUDE_IN_FRAMEWORK_HEADER = YES;
				CLANG_WARN_RANGE_LOOP_ANALYSIS = YES;
				CLANG_WARN_STRICT_PROTOTYPES = YES;
				CLANG_WARN_SUSPICIOUS_MOVE = YES;
				CLANG_WARN_UNGUARDED_AVAILABILITY = YES_AGGRESSIVE;
				CLANG_WARN_UNREACHABLE_CODE = YES;
				CLANG_WARN__DUPLICATE_METHOD_MATCH = YES;
				COPY_PHASE_STRIP = NO;
				DEBUG_INFORMATION_FORMAT = dwarf;
				ENABLE_STRICT_OBJC_MSGSEND = YES;
				ENABLE_TESTABILITY = YES;
				GCC_C_LANGUAGE_STANDARD = gnu11;
				GCC_DYNAMIC_NO_PIC = NO;
				GCC_NO_COMMON_BLOCKS = YES;
				GCC_OPTIMIZATION_LEVEL = 0;
				GCC_PREPROCESSOR_DEFINITIONS = (
					"DEBUG=1",
					"$(inherited)",
				);
				GCC_WARN_64_TO_32_BIT_CONVERSION = YES;
				GCC_WARN_ABOUT_RETURN_TYPE = YES_ERROR;
				GCC_WARN_UNDECLARED_SELECTOR = YES;
				GCC_WARN_UNINITIALIZED_AUTOS = YES_AGGRESSIVE;
				GCC_WARN_UNUSED_FUNCTION = YES;
				GCC_WARN_UNUSED_VARIABLE = YES;
				IPHONEOS_DEPLOYMENT_TARGET = 15.0;
				MTL_ENABLE_DEBUG_INFO = INCLUDE_SOURCE;
				MTL_FAST_MATH = YES;
				ONLY_ACTIVE_ARCH = YES;
				SDKROOT = iphoneos;
				SWIFT_ACTIVE_COMPILATION_CONDITIONS = DEBUG;
				SWIFT_OPTIMIZATION_LEVEL = "-Onone";
			};
			name = Debug;
		};
		188AD4852767C0980019745A /* Release */ = {
			isa = XCBuildConfiguration;
			buildSettings = {
				ALWAYS_SEARCH_USER_PATHS = NO;
				CLANG_ANALYZER_NONNULL = YES;
				CLANG_ANALYZER_NUMBER_OBJECT_CONVERSION = YES_AGGRESSIVE;
				CLANG_CXX_LANGUAGE_STANDARD = "gnu++17";
				CLANG_CXX_LIBRARY = "libc++";
				CLANG_ENABLE_MODULES = YES;
				CLANG_ENABLE_OBJC_ARC = YES;
				CLANG_ENABLE_OBJC_WEAK = YES;
				CLANG_WARN_BLOCK_CAPTURE_AUTORELEASING = YES;
				CLANG_WARN_BOOL_CONVERSION = YES;
				CLANG_WARN_COMMA = YES;
				CLANG_WARN_CONSTANT_CONVERSION = YES;
				CLANG_WARN_DEPRECATED_OBJC_IMPLEMENTATIONS = YES;
				CLANG_WARN_DIRECT_OBJC_ISA_USAGE = YES_ERROR;
				CLANG_WARN_DOCUMENTATION_COMMENTS = YES;
				CLANG_WARN_EMPTY_BODY = YES;
				CLANG_WARN_ENUM_CONVERSION = YES;
				CLANG_WARN_INFINITE_RECURSION = YES;
				CLANG_WARN_INT_CONVERSION = YES;
				CLANG_WARN_NON_LITERAL_NULL_CONVERSION = YES;
				CLANG_WARN_OBJC_IMPLICIT_RETAIN_SELF = YES;
				CLANG_WARN_OBJC_LITERAL_CONVERSION = YES;
				CLANG_WARN_OBJC_ROOT_CLASS = YES_ERROR;
				CLANG_WARN_QUOTED_INCLUDE_IN_FRAMEWORK_HEADER = YES;
				CLANG_WARN_RANGE_LOOP_ANALYSIS = YES;
				CLANG_WARN_STRICT_PROTOTYPES = YES;
				CLANG_WARN_SUSPICIOUS_MOVE = YES;
				CLANG_WARN_UNGUARDED_AVAILABILITY = YES_AGGRESSIVE;
				CLANG_WARN_UNREACHABLE_CODE = YES;
				CLANG_WARN__DUPLICATE_METHOD_MATCH = YES;
				COPY_PHASE_STRIP = NO;
				DEBUG_INFORMATION_FORMAT = "dwarf-with-dsym";
				ENABLE_NS_ASSERTIONS = NO;
				ENABLE_STRICT_OBJC_MSGSEND = YES;
				GCC_C_LANGUAGE_STANDARD = gnu11;
				GCC_NO_COMMON_BLOCKS = YES;
				GCC_WARN_64_TO_32_BIT_CONVERSION = YES;
				GCC_WARN_ABOUT_RETURN_TYPE = YES_ERROR;
				GCC_WARN_UNDECLARED_SELECTOR = YES;
				GCC_WARN_UNINITIALIZED_AUTOS = YES_AGGRESSIVE;
				GCC_WARN_UNUSED_FUNCTION = YES;
				GCC_WARN_UNUSED_VARIABLE = YES;
				IPHONEOS_DEPLOYMENT_TARGET = 15.0;
				MTL_ENABLE_DEBUG_INFO = NO;
				MTL_FAST_MATH = YES;
				SDKROOT = iphoneos;
				SWIFT_COMPILATION_MODE = wholemodule;
				SWIFT_OPTIMIZATION_LEVEL = "-O";
				VALIDATE_PRODUCT = YES;
			};
			name = Release;
		};
		188AD4872767C0980019745A /* Debug */ = {
			isa = XCBuildConfiguration;
			buildSettings = {
				ASSETCATALOG_COMPILER_APPICON_NAME = AppIcon;
				ASSETCATALOG_COMPILER_GLOBAL_ACCENT_COLOR_NAME = AccentColor;
				CODE_SIGN_STYLE = Automatic;
				CURRENT_PROJECT_VERSION = 1;
				GENERATE_INFOPLIST_FILE = YES;
				INFOPLIST_FILE = ToDoList/Info.plist;
				INFOPLIST_KEY_UIApplicationSupportsIndirectInputEvents = YES;
				INFOPLIST_KEY_UILaunchStoryboardName = LaunchScreen;
				INFOPLIST_KEY_UIMainStoryboardFile = Main;
				INFOPLIST_KEY_UISupportedInterfaceOrientations_iPad = "UIInterfaceOrientationPortrait UIInterfaceOrientationPortraitUpsideDown UIInterfaceOrientationLandscapeLeft UIInterfaceOrientationLandscapeRight";
				INFOPLIST_KEY_UISupportedInterfaceOrientations_iPhone = "UIInterfaceOrientationPortrait UIInterfaceOrientationLandscapeLeft UIInterfaceOrientationLandscapeRight";
				LD_RUNPATH_SEARCH_PATHS = (
					"$(inherited)",
					"@executable_path/Frameworks",
				);
				MARKETING_VERSION = 1.0;
				PRODUCT_BUNDLE_IDENTIFIER = com.ToDoList;
				PRODUCT_NAME = "$(TARGET_NAME)";
				SWIFT_EMIT_LOC_STRINGS = YES;
				SWIFT_VERSION = 5.0;
				TARGETED_DEVICE_FAMILY = "1,2";
			};
			name = Debug;
		};
		188AD4882767C0980019745A /* Release */ = {
			isa = XCBuildConfiguration;
			buildSettings = {
				ASSETCATALOG_COMPILER_APPICON_NAME = AppIcon;
				ASSETCATALOG_COMPILER_GLOBAL_ACCENT_COLOR_NAME = AccentColor;
				CODE_SIGN_STYLE = Automatic;
				CURRENT_PROJECT_VERSION = 1;
				GENERATE_INFOPLIST_FILE = YES;
				INFOPLIST_FILE = ToDoList/Info.plist;
				INFOPLIST_KEY_UIApplicationSupportsIndirectInputEvents = YES;
				INFOPLIST_KEY_UILaunchStoryboardName = LaunchScreen;
				INFOPLIST_KEY_UIMainStoryboardFile = Main;
				INFOPLIST_KEY_UISupportedInterfaceOrientations_iPad = "UIInterfaceOrientationPortrait UIInterfaceOrientationPortraitUpsideDown UIInterfaceOrientationLandscapeLeft UIInterfaceOrientationLandscapeRight";
				INFOPLIST_KEY_UISupportedInterfaceOrientations_iPhone = "UIInterfaceOrientationPortrait UIInterfaceOrientationLandscapeLeft UIInterfaceOrientationLandscapeRight";
				LD_RUNPATH_SEARCH_PATHS = (
					"$(inherited)",
					"@executable_path/Frameworks",
				);
				MARKETING_VERSION = 1.0;
				PRODUCT_BUNDLE_IDENTIFIER = com.ToDoList;
				PRODUCT_NAME = "$(TARGET_NAME)";
				SWIFT_EMIT_LOC_STRINGS = YES;
				SWIFT_VERSION = 5.0;
				TARGETED_DEVICE_FAMILY = "1,2";
			};
			name = Release;
		};
		188AD48A2767C0980019745A /* Debug */ = {
			isa = XCBuildConfiguration;
			buildSettings = {
				ALWAYS_EMBED_SWIFT_STANDARD_LIBRARIES = YES;
				BUNDLE_LOADER = "$(TEST_HOST)";
				CODE_SIGN_STYLE = Automatic;
				CURRENT_PROJECT_VERSION = 1;
				GENERATE_INFOPLIST_FILE = YES;
				IPHONEOS_DEPLOYMENT_TARGET = 15.0;
				LD_RUNPATH_SEARCH_PATHS = (
					"$(inherited)",
					"@executable_path/Frameworks",
					"@loader_path/Frameworks",
				);
				MARKETING_VERSION = 1.0;
				PRODUCT_BUNDLE_IDENTIFIER = com.ToDoListTests;
				PRODUCT_NAME = "$(TARGET_NAME)";
				SWIFT_EMIT_LOC_STRINGS = NO;
				SWIFT_VERSION = 5.0;
				TARGETED_DEVICE_FAMILY = "1,2";
				TEST_HOST = "$(BUILT_PRODUCTS_DIR)/ToDoList.app/ToDoList";
			};
			name = Debug;
		};
		188AD48B2767C0980019745A /* Release */ = {
			isa = XCBuildConfiguration;
			buildSettings = {
				ALWAYS_EMBED_SWIFT_STANDARD_LIBRARIES = YES;
				BUNDLE_LOADER = "$(TEST_HOST)";
				CODE_SIGN_STYLE = Automatic;
				CURRENT_PROJECT_VERSION = 1;
				GENERATE_INFOPLIST_FILE = YES;
				IPHONEOS_DEPLOYMENT_TARGET = 15.0;
				LD_RUNPATH_SEARCH_PATHS = (
					"$(inherited)",
					"@executable_path/Frameworks",
					"@loader_path/Frameworks",
				);
				MARKETING_VERSION = 1.0;
				PRODUCT_BUNDLE_IDENTIFIER = com.ToDoListTests;
				PRODUCT_NAME = "$(TARGET_NAME)";
				SWIFT_EMIT_LOC_STRINGS = NO;
				SWIFT_VERSION = 5.0;
				TARGETED_DEVICE_FAMILY = "1,2";
				TEST_HOST = "$(BUILT_PRODUCTS_DIR)/ToDoList.app/ToDoList";
			};
			name = Release;
		};
		188AD48D2767C0980019745A /* Debug */ = {
			isa = XCBuildConfiguration;
			buildSettings = {
				ALWAYS_EMBED_SWIFT_STANDARD_LIBRARIES = YES;
				CODE_SIGN_STYLE = Automatic;
				CURRENT_PROJECT_VERSION = 1;
				GENERATE_INFOPLIST_FILE = YES;
				LD_RUNPATH_SEARCH_PATHS = (
					"$(inherited)",
					"@executable_path/Frameworks",
					"@loader_path/Frameworks",
				);
				MARKETING_VERSION = 1.0;
				PRODUCT_BUNDLE_IDENTIFIER = com.ToDoListUITests;
				PRODUCT_NAME = "$(TARGET_NAME)";
				SWIFT_EMIT_LOC_STRINGS = NO;
				SWIFT_VERSION = 5.0;
				TARGETED_DEVICE_FAMILY = "1,2";
				TEST_TARGET_NAME = ToDoList;
			};
			name = Debug;
		};
		188AD48E2767C0980019745A /* Release */ = {
			isa = XCBuildConfiguration;
			buildSettings = {
				ALWAYS_EMBED_SWIFT_STANDARD_LIBRARIES = YES;
				CODE_SIGN_STYLE = Automatic;
				CURRENT_PROJECT_VERSION = 1;
				GENERATE_INFOPLIST_FILE = YES;
				LD_RUNPATH_SEARCH_PATHS = (
					"$(inherited)",
					"@executable_path/Frameworks",
					"@loader_path/Frameworks",
				);
				MARKETING_VERSION = 1.0;
				PRODUCT_BUNDLE_IDENTIFIER = com.ToDoListUITests;
				PRODUCT_NAME = "$(TARGET_NAME)";
				SWIFT_EMIT_LOC_STRINGS = NO;
				SWIFT_VERSION = 5.0;
				TARGETED_DEVICE_FAMILY = "1,2";
				TEST_TARGET_NAME = ToDoList;
			};
			name = Release;
		};
/* End XCBuildConfiguration section */

/* Begin XCConfigurationList section */
		188AD4542767C0940019745A /* Build configuration list for PBXProject "ToDoList" */ = {
			isa = XCConfigurationList;
			buildConfigurations = (
				188AD4842767C0980019745A /* Debug */,
				188AD4852767C0980019745A /* Release */,
			);
			defaultConfigurationIsVisible = 0;
			defaultConfigurationName = Release;
		};
		188AD4862767C0980019745A /* Build configuration list for PBXNativeTarget "ToDoList" */ = {
			isa = XCConfigurationList;
			buildConfigurations = (
				188AD4872767C0980019745A /* Debug */,
				188AD4882767C0980019745A /* Release */,
			);
			defaultConfigurationIsVisible = 0;
			defaultConfigurationName = Release;
		};
		188AD4892767C0980019745A /* Build configuration list for PBXNativeTarget "ToDoListTests" */ = {
			isa = XCConfigurationList;
			buildConfigurations = (
				188AD48A2767C0980019745A /* Debug */,
				188AD48B2767C0980019745A /* Release */,
			);
			defaultConfigurationIsVisible = 0;
			defaultConfigurationName = Release;
		};
		188AD48C2767C0980019745A /* Build configuration list for PBXNativeTarget "ToDoListUITests" */ = {
			isa = XCConfigurationList;
			buildConfigurations = (
				188AD48D2767C0980019745A /* Debug */,
				188AD48E2767C0980019745A /* Release */,
			);
			defaultConfigurationIsVisible = 0;
			defaultConfigurationName = Release;
		};
/* End XCConfigurationList section */

/* Begin XCVersionGroup section */
		188AD4652767C0940019745A /* ToDoList.xcdatamodeld */ = {
			isa = XCVersionGroup;
			children = (
				188AD4662767C0940019745A /* ToDoList.xcdatamodel */,
			);
			currentVersion = 188AD4662767C0940019745A /* ToDoList.xcdatamodel */;
			path = ToDoList.xcdatamodeld;
			sourceTree = "<group>";
			versionGroupType = wrapper.xcdatamodel;
		};
/* End XCVersionGroup section */
	};
	rootObject = 188AD4512767C0940019745A /* Project object */;
}
